
Microsoft Visual Studio Solution File, Format Version 12.00
# Visual Studio Version 17
VisualStudioVersion = 17.7.34221.43
MinimumVisualStudioVersion = 10.0.40219.1
Project("{FAE04EC0-301F-11D3-BF4B-00C04F79EFBC}") = "Ostec", "Ostec\Ostec.csproj", "{34571D0D-D33E-4BEF-B795-D9C9AA36633B}"
EndProject
Global
	GlobalSection(SolutionConfigurationPlatforms) = preSolution
		Debug|Any CPU = Debug|Any CPU
		Release|Any CPU = Release|Any CPU
	EndGlobalSection
	GlobalSection(ProjectConfigurationPlatforms) = postSolution
		{34571D0D-D33E-4BEF-B795-D9C9AA36633B}.Debug|Any CPU.ActiveCfg = Debug|Any CPU
		{34571D0D-D33E-4BEF-B795-D9C9AA36633B}.Debug|Any CPU.Build.0 = Debug|Any CPU
		{34571D0D-D33E-4BEF-B795-D9C9AA36633B}.Release|Any CPU.ActiveCfg = Release|Any CPU
		{34571D0D-D33E-4BEF-B795-D9C9AA36633B}.Release|Any CPU.Build.0 = Release|Any CPU
	EndGlobalSection
	GlobalSection(SolutionProperties) = preSolution
		HideSolutionNode = FALSE
	EndGlobalSection
	GlobalSection(ExtensibilityGlobals) = postSolution
		SolutionGuid = {10E63F76-F6AA-467D-BEBD-12E5E8453615}
	EndGlobalSection
EndGlobal
